Microsoft Visual Studio Solution File, Format Version 12.00
# Visual Studio Version 17
VisualStudioVersion = 17.5.2.0
MinimumVisualStudioVersion = 10.0.40219.1
Project("{FAE04EC0-301F-11D3-BF4B-00C04F79EFBC}") = "ControllerExample", "ControllerExample.csproj", "{F574C43B-0ABB-6BEB-764E-73A68D9FAD27}"
EndProject
Global
	GlobalSection(SolutionConfigurationPlatforms) = preSolution
		Debug|Any CPU = Debug|Any CPU
		Release|Any CPU = Release|Any CPU
	EndGlobalSection
	GlobalSection(ProjectConfigurationPlatforms) = postSolution
		{F574C43B-0ABB-6BEB-764E-73A68D9FAD27}.Debug|Any CPU.ActiveCfg = Debug|Any CPU
		{F574C43B-0ABB-6BEB-764E-73A68D9FAD27}.Debug|Any CPU.Build.0 = Debug|Any CPU
		{F574C43B-0ABB-6BEB-764E-73A68D9FAD27}.Release|Any CPU.ActiveCfg = Release|Any CPU
		{F574C43B-0ABB-6BEB-764E-73A68D9FAD27}.Release|Any CPU.Build.0 = Release|Any CPU
	EndGlobalSection
	GlobalSection(SolutionProperties) = preSolution
		HideSolutionNode = FALSE
	EndGlobalSection
	GlobalSection(ExtensibilityGlobals) = postSolution
		SolutionGuid = {DB770FCC-70E4-4083-9803-ED29C22CFE0A}
	EndGlobalSection
EndGlobal
